
Microsoft Visual Studio Solution File, Format Version 12.00
# Visual Studio Version 17
VisualStudioVersion = 17.5.002.0
MinimumVisualStudioVersion = 10.0.40219.1
Project("{9A19103F-16F7-4668-BE54-9A1E7A4F7556}") = "Playlist-Shuffle", "src\Youtube\UI\Playlist-Shuffle.csproj", "{6B0BE40D-6BF8-4C44-A9E8-D71D09BE7327}"
EndProject
Global
	GlobalSection(SolutionConfigurationPlatforms) = preSolution
		Debug|Any CPU = Debug|Any CPU
		Release|Any CPU = Release|Any CPU
	EndGlobalSection
	GlobalSection(ProjectConfigurationPlatforms) = postSolution
		{6B0BE40D-6BF8-4C44-A9E8-D71D09BE7327}.Debug|Any CPU.ActiveCfg = Debug|Any CPU
		{6B0BE40D-6BF8-4C44-A9E8-D71D09BE7327}.Debug|Any CPU.Build.0 = Debug|Any CPU
		{6B0BE40D-6BF8-4C44-A9E8-D71D09BE7327}.Release|Any CPU.ActiveCfg = Release|Any CPU
		{6B0BE40D-6BF8-4C44-A9E8-D71D09BE7327}.Release|Any CPU.Build.0 = Release|Any CPU
	EndGlobalSection
	GlobalSection(SolutionProperties) = preSolution
		HideSolutionNode = FALSE
	EndGlobalSection
	GlobalSection(ExtensibilityGlobals) = postSolution
		SolutionGuid = {6D13229F-0679-47F7-8D82-ABF69034CD3A}
	EndGlobalSection
EndGlobal
